
Microsoft Visual Studio Solution File, Format Version 12.00
# Visual Studio 14
VisualStudioVersion = 14.0.23107.0
MinimumVisualStudioVersion = 10.0.40219.1
Project("{FAE04EC0-301F-11D3-BF4B-00C04F79EFBC}") = "flight.api", "flight.api\flight.api.csproj", "{388B2622-FE42-43DC-BA86-2537D78437D7}"
EndProject
Project("{FAE04EC0-301F-11D3-BF4B-00C04F79EFBC}") = "flight.api.Tests", "flight.api.Tests\flight.api.Tests.csproj", "{3C019770-C72D-44BC-A9C1-D53A72A118AA}"
EndProject
Global
	GlobalSection(SolutionConfigurationPlatforms) = preSolution
		Debug|Any CPU = Debug|Any CPU
		Release|Any CPU = Release|Any CPU
	EndGlobalSection
	GlobalSection(ProjectConfigurationPlatforms) = postSolution
		{388B2622-FE42-43DC-BA86-2537D78437D7}.Debug|Any CPU.ActiveCfg = Debug|Any CPU
		{388B2622-FE42-43DC-BA86-2537D78437D7}.Debug|Any CPU.Build.0 = Debug|Any CPU
		{388B2622-FE42-43DC-BA86-2537D78437D7}.Release|Any CPU.ActiveCfg = Release|Any CPU
		{388B2622-FE42-43DC-BA86-2537D78437D7}.Release|Any CPU.Build.0 = Release|Any CPU
		{3C019770-C72D-44BC-A9C1-D53A72A118AA}.Debug|Any CPU.ActiveCfg = Debug|Any CPU
		{3C019770-C72D-44BC-A9C1-D53A72A118AA}.Debug|Any CPU.Build.0 = Debug|Any CPU
		{3C019770-C72D-44BC-A9C1-D53A72A118AA}.Release|Any CPU.ActiveCfg = Release|Any CPU
		{3C019770-C72D-44BC-A9C1-D53A72A118AA}.Release|Any CPU.Build.0 = Release|Any CPU
	EndGlobalSection
	GlobalSection(SolutionProperties) = preSolution
		HideSolutionNode = FALSE
	EndGlobalSection
EndGlobal
