
Microsoft Visual Studio Solution File, Format Version 12.00
# Visual Studio 14
VisualStudioVersion = 14.0.23107.0
MinimumVisualStudioVersion = 10.0.40219.1
Project("{FAE04EC0-301F-11D3-BF4B-00C04F79EFBC}") = "flight.api", "flight.api\flight.api.csproj", "{388B2622-FE42-43DC-BA86-2537D78437D7}"
EndProject
Project("{FAE04EC0-301F-11D3-BF4B-00C04F79EFBC}") = "flight.api.Tests", "flight.api.Tests\flight.api.Tests.csproj", "{3C019770-C72D-44BC-A9C1-D53A72A118AA}"
EndProject
Project("{FAE04EC0-301F-11D3-BF4B-00C04F79EFBC}") = "flight.DAL", "flight.DAL\flight.DAL.csproj", "{69FC597A-2D11-4662-B046-7C1C01E0C543}"
EndProject
Project("{FAE04EC0-301F-11D3-BF4B-00C04F79EFBC}") = "flight.BLL", "flight.BLL\flight.BLL.csproj", "{1F473567-5EB4-425A-BD89-58CB169E7180}"
EndProject
Project("{FAE04EC0-301F-11D3-BF4B-00C04F79EFBC}") = "flight.Library", "flight.Library\flight.Library.csproj", "{8E947492-E209-4EAA-8CD0-10EBD3EA152E}"
EndProject
Global
	GlobalSection(SolutionConfigurationPlatforms) = preSolution
		Debug|Any CPU = Debug|Any CPU
		Release|Any CPU = Release|Any CPU
	EndGlobalSection
	GlobalSection(ProjectConfigurationPlatforms) = postSolution
		{388B2622-FE42-43DC-BA86-2537D78437D7}.Debug|Any CPU.ActiveCfg = Debug|Any CPU
		{388B2622-FE42-43DC-BA86-2537D78437D7}.Debug|Any CPU.Build.0 = Debug|Any CPU
		{388B2622-FE42-43DC-BA86-2537D78437D7}.Release|Any CPU.ActiveCfg = Release|Any CPU
		{388B2622-FE42-43DC-BA86-2537D78437D7}.Release|Any CPU.Build.0 = Release|Any CPU
		{3C019770-C72D-44BC-A9C1-D53A72A118AA}.Debug|Any CPU.ActiveCfg = Debug|Any CPU
		{3C019770-C72D-44BC-A9C1-D53A72A118AA}.Debug|Any CPU.Build.0 = Debug|Any CPU
		{3C019770-C72D-44BC-A9C1-D53A72A118AA}.Release|Any CPU.ActiveCfg = Release|Any CPU
		{3C019770-C72D-44BC-A9C1-D53A72A118AA}.Release|Any CPU.Build.0 = Release|Any CPU
		{69FC597A-2D11-4662-B046-7C1C01E0C543}.Debug|Any CPU.ActiveCfg = Debug|Any CPU
		{69FC597A-2D11-4662-B046-7C1C01E0C543}.Debug|Any CPU.Build.0 = Debug|Any CPU
		{69FC597A-2D11-4662-B046-7C1C01E0C543}.Release|Any CPU.ActiveCfg = Release|Any CPU
		{69FC597A-2D11-4662-B046-7C1C01E0C543}.Release|Any CPU.Build.0 = Release|Any CPU
		{1F473567-5EB4-425A-BD89-58CB169E7180}.Debug|Any CPU.ActiveCfg = Debug|Any CPU
		{1F473567-5EB4-425A-BD89-58CB169E7180}.Debug|Any CPU.Build.0 = Debug|Any CPU
		{1F473567-5EB4-425A-BD89-58CB169E7180}.Release|Any CPU.ActiveCfg = Release|Any CPU
		{1F473567-5EB4-425A-BD89-58CB169E7180}.Release|Any CPU.Build.0 = Release|Any CPU
		{8E947492-E209-4EAA-8CD0-10EBD3EA152E}.Debug|Any CPU.ActiveCfg = Debug|Any CPU
		{8E947492-E209-4EAA-8CD0-10EBD3EA152E}.Debug|Any CPU.Build.0 = Debug|Any CPU
		{8E947492-E209-4EAA-8CD0-10EBD3EA152E}.Release|Any CPU.ActiveCfg = Release|Any CPU
		{8E947492-E209-4EAA-8CD0-10EBD3EA152E}.Release|Any CPU.Build.0 = Release|Any CPU
	EndGlobalSection
	GlobalSection(SolutionProperties) = preSolution
		HideSolutionNode = FALSE
	EndGlobalSection
EndGlobal
